
Microsoft Visual Studio Solution File, Format Version 12.00
# Visual Studio Version 17
VisualStudioVersion = 17.10.35027.167
MinimumVisualStudioVersion = 10.0.40219.1
Project("{9A19103F-16F7-4668-BE54-9A1E7A4F7556}") = "UniversityApp.UI", "UniversityApp.UI\UniversityApp.UI.csproj", "{DE9FE7EA-E89E-43D4-B7E5-BCB33074FBE2}"
EndProject
Project("{9A19103F-16F7-4668-BE54-9A1E7A4F7556}") = "UniversityApp.Infrastructure", "UniversityApp.Infrastructure\UniversityApp.Infrastructure.csproj", "{BC30F6DC-5943-4646-8463-1CE207A28314}"
EndProject
Project("{9A19103F-16F7-4668-BE54-9A1E7A4F7556}") = "UniversityApp.Core", "UniversityApp.Core\UniversityApp.Core.csproj", "{F4C3A4E3-382F-4176-9DC3-5A32B12013ED}"
EndProject
Project("{FAE04EC0-301F-11D3-BF4B-00C04F79EFBC}") = "UniversityApp.UI.Tests", "UniversityApp.UI.Tests\UniversityApp.UI.Tests.csproj", "{17131802-DC9B-454D-B302-E6979D782CA8}"
EndProject
Project("{FAE04EC0-301F-11D3-BF4B-00C04F79EFBC}") = "UniversityApp.Core.Tests", "UniversityApp.Core.Tests\UniversityApp.Core.Tests.csproj", "{FA1D7F7D-D5E1-46FA-B496-D8ABAE717F02}"
EndProject
Global
	GlobalSection(SolutionConfigurationPlatforms) = preSolution
		Debug|Any CPU = Debug|Any CPU
		Release|Any CPU = Release|Any CPU
	EndGlobalSection
	GlobalSection(ProjectConfigurationPlatforms) = postSolution
		{DE9FE7EA-E89E-43D4-B7E5-BCB33074FBE2}.Debug|Any CPU.ActiveCfg = Debug|Any CPU
		{DE9FE7EA-E89E-43D4-B7E5-BCB33074FBE2}.Debug|Any CPU.Build.0 = Debug|Any CPU
		{DE9FE7EA-E89E-43D4-B7E5-BCB33074FBE2}.Release|Any CPU.ActiveCfg = Release|Any CPU
		{DE9FE7EA-E89E-43D4-B7E5-BCB33074FBE2}.Release|Any CPU.Build.0 = Release|Any CPU
		{BC30F6DC-5943-4646-8463-1CE207A28314}.Debug|Any CPU.ActiveCfg = Debug|Any CPU
		{BC30F6DC-5943-4646-8463-1CE207A28314}.Debug|Any CPU.Build.0 = Debug|Any CPU
		{BC30F6DC-5943-4646-8463-1CE207A28314}.Release|Any CPU.ActiveCfg = Release|Any CPU
		{BC30F6DC-5943-4646-8463-1CE207A28314}.Release|Any CPU.Build.0 = Release|Any CPU
		{F4C3A4E3-382F-4176-9DC3-5A32B12013ED}.Debug|Any CPU.ActiveCfg = Debug|Any CPU
		{F4C3A4E3-382F-4176-9DC3-5A32B12013ED}.Debug|Any CPU.Build.0 = Debug|Any CPU
		{F4C3A4E3-382F-4176-9DC3-5A32B12013ED}.Release|Any CPU.ActiveCfg = Release|Any CPU
		{F4C3A4E3-382F-4176-9DC3-5A32B12013ED}.Release|Any CPU.Build.0 = Release|Any CPU
		{17131802-DC9B-454D-B302-E6979D782CA8}.Debug|Any CPU.ActiveCfg = Debug|Any CPU
		{17131802-DC9B-454D-B302-E6979D782CA8}.Debug|Any CPU.Build.0 = Debug|Any CPU
		{17131802-DC9B-454D-B302-E6979D782CA8}.Release|Any CPU.ActiveCfg = Release|Any CPU
		{17131802-DC9B-454D-B302-E6979D782CA8}.Release|Any CPU.Build.0 = Release|Any CPU
		{FA1D7F7D-D5E1-46FA-B496-D8ABAE717F02}.Debug|Any CPU.ActiveCfg = Debug|Any CPU
		{FA1D7F7D-D5E1-46FA-B496-D8ABAE717F02}.Debug|Any CPU.Build.0 = Debug|Any CPU
		{FA1D7F7D-D5E1-46FA-B496-D8ABAE717F02}.Release|Any CPU.ActiveCfg = Release|Any CPU
		{FA1D7F7D-D5E1-46FA-B496-D8ABAE717F02}.Release|Any CPU.Build.0 = Release|Any CPU
	EndGlobalSection
	GlobalSection(SolutionProperties) = preSolution
		HideSolutionNode = FALSE
	EndGlobalSection
	GlobalSection(ExtensibilityGlobals) = postSolution
		SolutionGuid = {B2467007-7A8E-4484-82C0-D5AE11E3A4C8}
	EndGlobalSection
EndGlobal
